
Microsoft Visual Studio Solution File, Format Version 12.00
# Visual Studio 14
VisualStudioVersion = 14.0.25420.1
MinimumVisualStudioVersion = 10.0.40219.1
Project("{8BC9CEB8-8B4A-11D0-8D11-00A0C91BC942}") = "OpenGLLearn", "OpenGLLearn\OpenGLLearn.vcxproj", "{5E870D1F-F773-4B05-AE01-31CF313351EB}"
EndProject
Project("{8BC9CEB8-8B4A-11D0-8D11-00A0C91BC942}") = "OpenGLLearnVertex", "OpenGLLearnVertex\OpenGLLearnVertex.vcxproj", "{800E02D0-9A52-4623-97D2-FF0227DA4158}"
EndProject
Project("{8BC9CEB8-8B4A-11D0-8D11-00A0C91BC942}") = "OpenGLLearnTriangle", "OpenGLLearnTriangle\OpenGLLearnTriangle.vcxproj", "{430BF1EF-75A3-4F4D-8678-E38714951222}"
EndProject
Project("{8BC9CEB8-8B4A-11D0-8D11-00A0C91BC942}") = "OpenGLLearnTriangleShader", "OpenGLLearnTriangleShader\OpenGLLearnTriangleShader.vcxproj", "{24DE0284-9AE7-4259-ACCD-112CAE72D424}"
EndProject
Project("{8BC9CEB8-8B4A-11D0-8D11-00A0C91BC942}") = "LearnOpenGLTriangle", "LearnOpenGLTriangle\LearnOpenGLTriangle.vcxproj", "{9802E3E8-A442-4516-89D9-540F6A986FA7}"
EndProject
Project("{8BC9CEB8-8B4A-11D0-8D11-00A0C91BC942}") = "LearnOpenGLShadering", "LearnOpenGLShadering\LearnOpenGLShadering.vcxproj", "{886019A2-78CC-4C11-BEB6-AB851628B957}"
EndProject
Project("{8BC9CEB8-8B4A-11D0-8D11-00A0C91BC942}") = "LearnOpenGLTexture", "LearnOpenGLTexture\LearnOpenGLTexture.vcxproj", "{62E60AA1-3467-4C69-8316-2557F00D1F39}"
EndProject
Project("{8BC9CEB8-8B4A-11D0-8D11-00A0C91BC942}") = "LearnOpenGLTextureBind", "LearnOpenGLTextureBind\LearnOpenGLTextureBind.vcxproj", "{41A48091-BF10-4E09-A840-8892CB74FBD4}"
EndProject
Project("{8BC9CEB8-8B4A-11D0-8D11-00A0C91BC942}") = "LearnOpenGLTranslate", "LearnOpenGLTranslate\LearnOpenGLTranslate.vcxproj", "{C0A37504-FDDE-4C8E-AA62-4D74A23D2EAF}"
EndProject
Project("{8BC9CEB8-8B4A-11D0-8D11-00A0C91BC942}") = "LearnOpenGLTransCamera", "LearnOpenGLTransCamera\LearnOpenGLTransCamera.vcxproj", "{C290E510-047D-4F60-9F41-D6165C8FCBE7}"
EndProject
Project("{8BC9CEB8-8B4A-11D0-8D11-00A0C91BC942}") = "LearnOpenGlLigthing", "LearnOpenGlLigthing\LearnOpenGlLigthing.vcxproj", "{974BA981-7191-4451-BFBD-7C65B52D4951}"
EndProject
Project("{8BC9CEB8-8B4A-11D0-8D11-00A0C91BC942}") = "LearnOpenGLBasicLight", "LearnOpenGLBasicLight\LearnOpenGLBasicLight.vcxproj", "{69B5414A-A24B-4CB0-A8E2-F1359B71E25E}"
EndProject
Project("{8BC9CEB8-8B4A-11D0-8D11-00A0C91BC942}") = "LearnOpenGLMaterial", "LearnOpenGLMaterial\LearnOpenGLMaterial.vcxproj", "{3989EB12-B137-4C42-A38D-87A3E678EFDE}"
EndProject
Project("{8BC9CEB8-8B4A-11D0-8D11-00A0C91BC942}") = "LearnOpenGLMaterialTexture", "LearnOpenGLMaterialTexture\LearnOpenGLMaterialTexture.vcxproj", "{BCDEBD34-3967-4C48-BC6E-4A93B4E38A74}"
EndProject
Project("{8BC9CEB8-8B4A-11D0-8D11-00A0C91BC942}") = "LearnOpenGLMoreLightings", "LearnOpenGLMoreLightings\LearnOpenGLMoreLightings.vcxproj", "{082CA64E-1913-401E-9A30-A90CF7810ACF}"
EndProject
Project("{8BC9CEB8-8B4A-11D0-8D11-00A0C91BC942}") = "LearnOpenGLMeshLib", "LearnOpenGLMeshLib\LearnOpenGLMeshLib.vcxproj", "{CA809DBE-3308-46E4-911B-87737126F9C3}"
EndProject
Project("{8BC9CEB8-8B4A-11D0-8D11-00A0C91BC942}") = "LearnOpenGLDepthtesting", "LearnOpenGLDepthtesting\LearnOpenGLDepthtesting.vcxproj", "{4DE11DDA-C4F7-4986-92D8-0BD11AFACAC2}"
EndProject
Project("{8BC9CEB8-8B4A-11D0-8D11-00A0C91BC942}") = "LearnOpenGLStenciltesting", "LearnOpenGLStenciltesting\LearnOpenGLStenciltesting.vcxproj", "{7A69541E-4448-48EE-A3F0-7FC702ACF97D}"
EndProject
Global
	GlobalSection(SolutionConfigurationPlatforms) = preSolution
		Debug|x64 = Debug|x64
		Debug|x86 = Debug|x86
		Release|x64 = Release|x64
		Release|x86 = Release|x86
	EndGlobalSection
	GlobalSection(ProjectConfigurationPlatforms) = postSolution
		{5E870D1F-F773-4B05-AE01-31CF313351EB}.Debug|x64.ActiveCfg = Debug|x64
		{5E870D1F-F773-4B05-AE01-31CF313351EB}.Debug|x64.Build.0 = Debug|x64
		{5E870D1F-F773-4B05-AE01-31CF313351EB}.Debug|x86.ActiveCfg = Debug|Win32
		{5E870D1F-F773-4B05-AE01-31CF313351EB}.Debug|x86.Build.0 = Debug|Win32
		{5E870D1F-F773-4B05-AE01-31CF313351EB}.Release|x64.ActiveCfg = Release|x64
		{5E870D1F-F773-4B05-AE01-31CF313351EB}.Release|x64.Build.0 = Release|x64
		{5E870D1F-F773-4B05-AE01-31CF313351EB}.Release|x86.ActiveCfg = Release|Win32
		{5E870D1F-F773-4B05-AE01-31CF313351EB}.Release|x86.Build.0 = Release|Win32
		{800E02D0-9A52-4623-97D2-FF0227DA4158}.Debug|x64.ActiveCfg = Debug|x64
		{800E02D0-9A52-4623-97D2-FF0227DA4158}.Debug|x64.Build.0 = Debug|x64
		{800E02D0-9A52-4623-97D2-FF0227DA4158}.Debug|x86.ActiveCfg = Debug|Win32
		{800E02D0-9A52-4623-97D2-FF0227DA4158}.Debug|x86.Build.0 = Debug|Win32
		{800E02D0-9A52-4623-97D2-FF0227DA4158}.Release|x64.ActiveCfg = Release|x64
		{800E02D0-9A52-4623-97D2-FF0227DA4158}.Release|x64.Build.0 = Release|x64
		{800E02D0-9A52-4623-97D2-FF0227DA4158}.Release|x86.ActiveCfg = Release|Win32
		{800E02D0-9A52-4623-97D2-FF0227DA4158}.Release|x86.Build.0 = Release|Win32
		{430BF1EF-75A3-4F4D-8678-E38714951222}.Debug|x64.ActiveCfg = Debug|x64
		{430BF1EF-75A3-4F4D-8678-E38714951222}.Debug|x64.Build.0 = Debug|x64
		{430BF1EF-75A3-4F4D-8678-E38714951222}.Debug|x86.ActiveCfg = Debug|Win32
		{430BF1EF-75A3-4F4D-8678-E38714951222}.Debug|x86.Build.0 = Debug|Win32
		{430BF1EF-75A3-4F4D-8678-E38714951222}.Release|x64.ActiveCfg = Release|x64
		{430BF1EF-75A3-4F4D-8678-E38714951222}.Release|x64.Build.0 = Release|x64
		{430BF1EF-75A3-4F4D-8678-E38714951222}.Release|x86.ActiveCfg = Release|Win32
		{430BF1EF-75A3-4F4D-8678-E38714951222}.Release|x86.Build.0 = Release|Win32
		{24DE0284-9AE7-4259-ACCD-112CAE72D424}.Debug|x64.ActiveCfg = Debug|x64
		{24DE0284-9AE7-4259-ACCD-112CAE72D424}.Debug|x64.Build.0 = Debug|x64
		{24DE0284-9AE7-4259-ACCD-112CAE72D424}.Debug|x86.ActiveCfg = Debug|Win32
		{24DE0284-9AE7-4259-ACCD-112CAE72D424}.Debug|x86.Build.0 = Debug|Win32
		{24DE0284-9AE7-4259-ACCD-112CAE72D424}.Release|x64.ActiveCfg = Release|x64
		{24DE0284-9AE7-4259-ACCD-112CAE72D424}.Release|x64.Build.0 = Release|x64
		{24DE0284-9AE7-4259-ACCD-112CAE72D424}.Release|x86.ActiveCfg = Release|Win32
		{24DE0284-9AE7-4259-ACCD-112CAE72D424}.Release|x86.Build.0 = Release|Win32
		{9802E3E8-A442-4516-89D9-540F6A986FA7}.Debug|x64.ActiveCfg = Debug|x64
		{9802E3E8-A442-4516-89D9-540F6A986FA7}.Debug|x64.Build.0 = Debug|x64
		{9802E3E8-A442-4516-89D9-540F6A986FA7}.Debug|x86.ActiveCfg = Debug|Win32
		{9802E3E8-A442-4516-89D9-540F6A986FA7}.Debug|x86.Build.0 = Debug|Win32
		{9802E3E8-A442-4516-89D9-540F6A986FA7}.Release|x64.ActiveCfg = Release|x64
		{9802E3E8-A442-4516-89D9-540F6A986FA7}.Release|x64.Build.0 = Release|x64
		{9802E3E8-A442-4516-89D9-540F6A986FA7}.Release|x86.ActiveCfg = Release|Win32
		{9802E3E8-A442-4516-89D9-540F6A986FA7}.Release|x86.Build.0 = Release|Win32
		{886019A2-78CC-4C11-BEB6-AB851628B957}.Debug|x64.ActiveCfg = Debug|x64
		{886019A2-78CC-4C11-BEB6-AB851628B957}.Debug|x64.Build.0 = Debug|x64
		{886019A2-78CC-4C11-BEB6-AB851628B957}.Debug|x86.ActiveCfg = Debug|Win32
		{886019A2-78CC-4C11-BEB6-AB851628B957}.Debug|x86.Build.0 = Debug|Win32
		{886019A2-78CC-4C11-BEB6-AB851628B957}.Release|x64.ActiveCfg = Release|x64
		{886019A2-78CC-4C11-BEB6-AB851628B957}.Release|x64.Build.0 = Release|x64
		{886019A2-78CC-4C11-BEB6-AB851628B957}.Release|x86.ActiveCfg = Release|Win32
		{886019A2-78CC-4C11-BEB6-AB851628B957}.Release|x86.Build.0 = Release|Win32
		{62E60AA1-3467-4C69-8316-2557F00D1F39}.Debug|x64.ActiveCfg = Debug|x64
		{62E60AA1-3467-4C69-8316-2557F00D1F39}.Debug|x64.Build.0 = Debug|x64
		{62E60AA1-3467-4C69-8316-2557F00D1F39}.Debug|x86.ActiveCfg = Debug|Win32
		{62E60AA1-3467-4C69-8316-2557F00D1F39}.Debug|x86.Build.0 = Debug|Win32
		{62E60AA1-3467-4C69-8316-2557F00D1F39}.Release|x64.ActiveCfg = Release|x64
		{62E60AA1-3467-4C69-8316-2557F00D1F39}.Release|x64.Build.0 = Release|x64
		{62E60AA1-3467-4C69-8316-2557F00D1F39}.Release|x86.ActiveCfg = Release|Win32
		{62E60AA1-3467-4C69-8316-2557F00D1F39}.Release|x86.Build.0 = Release|Win32
		{41A48091-BF10-4E09-A840-8892CB74FBD4}.Debug|x64.ActiveCfg = Debug|x64
		{41A48091-BF10-4E09-A840-8892CB74FBD4}.Debug|x64.Build.0 = Debug|x64
		{41A48091-BF10-4E09-A840-8892CB74FBD4}.Debug|x86.ActiveCfg = Debug|Win32
		{41A48091-BF10-4E09-A840-8892CB74FBD4}.Debug|x86.Build.0 = Debug|Win32
		{41A48091-BF10-4E09-A840-8892CB74FBD4}.Release|x64.ActiveCfg = Release|x64
		{41A48091-BF10-4E09-A840-8892CB74FBD4}.Release|x64.Build.0 = Release|x64
		{41A48091-BF10-4E09-A840-8892CB74FBD4}.Release|x86.ActiveCfg = Release|Win32
		{41A48091-BF10-4E09-A840-8892CB74FBD4}.Release|x86.Build.0 = Release|Win32
		{C0A37504-FDDE-4C8E-AA62-4D74A23D2EAF}.Debug|x64.ActiveCfg = Debug|x64
		{C0A37504-FDDE-4C8E-AA62-4D74A23D2EAF}.Debug|x64.Build.0 = Debug|x64
		{C0A37504-FDDE-4C8E-AA62-4D74A23D2EAF}.Debug|x86.ActiveCfg = Debug|Win32
		{C0A37504-FDDE-4C8E-AA62-4D74A23D2EAF}.Debug|x86.Build.0 = Debug|Win32
		{C0A37504-FDDE-4C8E-AA62-4D74A23D2EAF}.Release|x64.ActiveCfg = Release|x64
		{C0A37504-FDDE-4C8E-AA62-4D74A23D2EAF}.Release|x64.Build.0 = Release|x64
		{C0A37504-FDDE-4C8E-AA62-4D74A23D2EAF}.Release|x86.ActiveCfg = Release|Win32
		{C0A37504-FDDE-4C8E-AA62-4D74A23D2EAF}.Release|x86.Build.0 = Release|Win32
		{C290E510-047D-4F60-9F41-D6165C8FCBE7}.Debug|x64.ActiveCfg = Debug|x64
		{C290E510-047D-4F60-9F41-D6165C8FCBE7}.Debug|x64.Build.0 = Debug|x64
		{C290E510-047D-4F60-9F41-D6165C8FCBE7}.Debug|x86.ActiveCfg = Debug|Win32
		{C290E510-047D-4F60-9F41-D6165C8FCBE7}.Debug|x86.Build.0 = Debug|Win32
		{C290E510-047D-4F60-9F41-D6165C8FCBE7}.Release|x64.ActiveCfg = Release|x64
		{C290E510-047D-4F60-9F41-D6165C8FCBE7}.Release|x64.Build.0 = Release|x64
		{C290E510-047D-4F60-9F41-D6165C8FCBE7}.Release|x86.ActiveCfg = Release|Win32
		{C290E510-047D-4F60-9F41-D6165C8FCBE7}.Release|x86.Build.0 = Release|Win32
		{974BA981-7191-4451-BFBD-7C65B52D4951}.Debug|x64.ActiveCfg = Debug|x64
		{974BA981-7191-4451-BFBD-7C65B52D4951}.Debug|x64.Build.0 = Debug|x64
		{974BA981-7191-4451-BFBD-7C65B52D4951}.Debug|x86.ActiveCfg = Debug|Win32
		{974BA981-7191-4451-BFBD-7C65B52D4951}.Debug|x86.Build.0 = Debug|Win32
		{974BA981-7191-4451-BFBD-7C65B52D4951}.Release|x64.ActiveCfg = Release|x64
		{974BA981-7191-4451-BFBD-7C65B52D4951}.Release|x64.Build.0 = Release|x64
		{974BA981-7191-4451-BFBD-7C65B52D4951}.Release|x86.ActiveCfg = Release|Win32
		{974BA981-7191-4451-BFBD-7C65B52D4951}.Release|x86.Build.0 = Release|Win32
		{69B5414A-A24B-4CB0-A8E2-F1359B71E25E}.Debug|x64.ActiveCfg = Debug|x64
		{69B5414A-A24B-4CB0-A8E2-F1359B71E25E}.Debug|x64.Build.0 = Debug|x64
		{69B5414A-A24B-4CB0-A8E2-F1359B71E25E}.Debug|x86.ActiveCfg = Debug|Win32
		{69B5414A-A24B-4CB0-A8E2-F1359B71E25E}.Debug|x86.Build.0 = Debug|Win32
		{69B5414A-A24B-4CB0-A8E2-F1359B71E25E}.Release|x64.ActiveCfg = Release|x64
		{69B5414A-A24B-4CB0-A8E2-F1359B71E25E}.Release|x64.Build.0 = Release|x64
		{69B5414A-A24B-4CB0-A8E2-F1359B71E25E}.Release|x86.ActiveCfg = Release|Win32
		{69B5414A-A24B-4CB0-A8E2-F1359B71E25E}.Release|x86.Build.0 = Release|Win32
		{3989EB12-B137-4C42-A38D-87A3E678EFDE}.Debug|x64.ActiveCfg = Debug|x64
		{3989EB12-B137-4C42-A38D-87A3E678EFDE}.Debug|x64.Build.0 = Debug|x64
		{3989EB12-B137-4C42-A38D-87A3E678EFDE}.Debug|x86.ActiveCfg = Debug|Win32
		{3989EB12-B137-4C42-A38D-87A3E678EFDE}.Debug|x86.Build.0 = Debug|Win32
		{3989EB12-B137-4C42-A38D-87A3E678EFDE}.Release|x64.ActiveCfg = Release|x64
		{3989EB12-B137-4C42-A38D-87A3E678EFDE}.Release|x64.Build.0 = Release|x64
		{3989EB12-B137-4C42-A38D-87A3E678EFDE}.Release|x86.ActiveCfg = Release|Win32
		{3989EB12-B137-4C42-A38D-87A3E678EFDE}.Release|x86.Build.0 = Release|Win32
		{BCDEBD34-3967-4C48-BC6E-4A93B4E38A74}.Debug|x64.ActiveCfg = Debug|x64
		{BCDEBD34-3967-4C48-BC6E-4A93B4E38A74}.Debug|x64.Build.0 = Debug|x64
		{BCDEBD34-3967-4C48-BC6E-4A93B4E38A74}.Debug|x86.ActiveCfg = Debug|Win32
		{BCDEBD34-3967-4C48-BC6E-4A93B4E38A74}.Debug|x86.Build.0 = Debug|Win32
		{BCDEBD34-3967-4C48-BC6E-4A93B4E38A74}.Release|x64.ActiveCfg = Release|x64
		{BCDEBD34-3967-4C48-BC6E-4A93B4E38A74}.Release|x64.Build.0 = Release|x64
		{BCDEBD34-3967-4C48-BC6E-4A93B4E38A74}.Release|x86.ActiveCfg = Release|Win32
		{BCDEBD34-3967-4C48-BC6E-4A93B4E38A74}.Release|x86.Build.0 = Release|Win32
		{082CA64E-1913-401E-9A30-A90CF7810ACF}.Debug|x64.ActiveCfg = Debug|x64
		{082CA64E-1913-401E-9A30-A90CF7810ACF}.Debug|x64.Build.0 = Debug|x64
		{082CA64E-1913-401E-9A30-A90CF7810ACF}.Debug|x86.ActiveCfg = Debug|Win32
		{082CA64E-1913-401E-9A30-A90CF7810ACF}.Debug|x86.Build.0 = Debug|Win32
		{082CA64E-1913-401E-9A30-A90CF7810ACF}.Release|x64.ActiveCfg = Release|x64
		{082CA64E-1913-401E-9A30-A90CF7810ACF}.Release|x64.Build.0 = Release|x64
		{082CA64E-1913-401E-9A30-A90CF7810ACF}.Release|x86.ActiveCfg = Release|Win32
		{082CA64E-1913-401E-9A30-A90CF7810ACF}.Release|x86.Build.0 = Release|Win32
		{CA809DBE-3308-46E4-911B-87737126F9C3}.Debug|x64.ActiveCfg = Debug|x64
		{CA809DBE-3308-46E4-911B-87737126F9C3}.Debug|x64.Build.0 = Debug|x64
		{CA809DBE-3308-46E4-911B-87737126F9C3}.Debug|x86.ActiveCfg = Debug|Win32
		{CA809DBE-3308-46E4-911B-87737126F9C3}.Debug|x86.Build.0 = Debug|Win32
		{CA809DBE-3308-46E4-911B-87737126F9C3}.Release|x64.ActiveCfg = Release|x64
		{CA809DBE-3308-46E4-911B-87737126F9C3}.Release|x64.Build.0 = Release|x64
		{CA809DBE-3308-46E4-911B-87737126F9C3}.Release|x86.ActiveCfg = Release|Win32
		{CA809DBE-3308-46E4-911B-87737126F9C3}.Release|x86.Build.0 = Release|Win32
		{4DE11DDA-C4F7-4986-92D8-0BD11AFACAC2}.Debug|x64.ActiveCfg = Debug|x64
		{4DE11DDA-C4F7-4986-92D8-0BD11AFACAC2}.Debug|x64.Build.0 = Debug|x64
		{4DE11DDA-C4F7-4986-92D8-0BD11AFACAC2}.Debug|x86.ActiveCfg = Debug|Win32
		{4DE11DDA-C4F7-4986-92D8-0BD11AFACAC2}.Debug|x86.Build.0 = Debug|Win32
		{4DE11DDA-C4F7-4986-92D8-0BD11AFACAC2}.Release|x64.ActiveCfg = Release|x64
		{4DE11DDA-C4F7-4986-92D8-0BD11AFACAC2}.Release|x64.Build.0 = Release|x64
		{4DE11DDA-C4F7-4986-92D8-0BD11AFACAC2}.Release|x86.ActiveCfg = Release|Win32
		{4DE11DDA-C4F7-4986-92D8-0BD11AFACAC2}.Release|x86.Build.0 = Release|Win32
		{7A69541E-4448-48EE-A3F0-7FC702ACF97D}.Debug|x64.ActiveCfg = Debug|x64
		{7A69541E-4448-48EE-A3F0-7FC702ACF97D}.Debug|x64.Build.0 = Debug|x64
		{7A69541E-4448-48EE-A3F0-7FC702ACF97D}.Debug|x86.ActiveCfg = Debug|Win32
		{7A69541E-4448-48EE-A3F0-7FC702ACF97D}.Debug|x86.Build.0 = Debug|Win32
		{7A69541E-4448-48EE-A3F0-7FC702ACF97D}.Release|x64.ActiveCfg = Release|x64
		{7A69541E-4448-48EE-A3F0-7FC702ACF97D}.Release|x64.Build.0 = Release|x64
		{7A69541E-4448-48EE-A3F0-7FC702ACF97D}.Release|x86.ActiveCfg = Release|Win32
		{7A69541E-4448-48EE-A3F0-7FC702ACF97D}.Release|x86.Build.0 = Release|Win32
	EndGlobalSection
	GlobalSection(SolutionProperties) = preSolution
		HideSolutionNode = FALSE
	EndGlobalSection
EndGlobal
